{
  "version": 4,
  "terraform_version": "1.15.8",
  "serial": 10,
  "lineage": "64b139ef-740b-fce1-e074-2723112dac89",
  "outputs": {
    "droplet_ip": {
      "value": "68.183.111.37",
      "type": "string"
    },
    "vpc_id": {
      "value": "342ccc17-15b8-450c-8536-5560c5377535",
      "type": "string"
    }
  },
  "resources": [
    {
      "mode": "data",
      "type": "digitalocean_ssh_key",
      "name": "deploy_key",
      "provider": "provider[\"registry.terraform.io/digitalocean/digitalocean\"]",
      "instances": [
        {
          "schema_version": 0,
          "attributes": {
            "fingerprint": "d2:c3:55:1b:d5:7e:3b:ca:5e:ce:47:3b:99:1d:e3:e7",
            "id": 58321146,
            "name": "kalshi-deploy-key",
            "public_key": "ssh-ed25519 AAAAC3NzaC1lZDI1NTE5AAAAIEVV/7u6EiOnCcaObHvG9DeEgtWQMnEcvz1coTO2Ffp6 kelreid@KREID-1074"
          },
          "sensitive_attributes": [],
          "identity_schema_version": 0
        }
      ]
    },
    {
      "mode": "managed",
      "type": "digitalocean_droplet",
      "name": "bot_server",
      "provider": "provider[\"registry.terraform.io/digitalocean/digitalocean\"]",
      "instances": [
        {
          "schema_version": 1,
          "attributes": {
            "backup_policy": [],
            "backups": false,
            "created_at": "2026-08-08T15:36:23Z",
            "disk": 25,
            "droplet_agent": null,
            "gpu_partition_mode": null,
            "graceful_shutdown": false,
            "id": "590941919",
            "image": "docker-20-04",
            "ipv4_address": "68.183.111.37",
            "ipv4_address_private": "10.120.0.2",
            "ipv6": false,
            "ipv6_address": "",
            "locked": false,
            "memory": 1024,
            "monitoring": true,
            "name": "kalshi-bot-prod",
            "price_hourly": 0.00893,
            "price_monthly": 6,
            "private_networking": true,
            "public_networking": true,
            "region": "nyc1",
            "resize_disk": true,
            "size": "s-1vcpu-1gb",
            "ssh_keys": [
              "58321146"
            ],
            "status": "active",
            "tags": [
              "kalshi-bot",
              "production"
            ],
            "timeouts": null,
            "urn": "do:droplet:590941919",
            "user_data": null,
            "vcpus": 1,
            "volume_ids": [],
            "vpc_uuid": "342ccc17-15b8-450c-8536-5560c5377535"
          },
          "sensitive_attributes": [],
          "identity_schema_version": 0,
          "private": "eyJlMmJmYjczMC1lY2FhLTExZTYtOGY4OC0zNDM2M2JjN2M0YzAiOnsiY3JlYXRlIjozNjAwMDAwMDAwMDAwLCJkZWxldGUiOjYwMDAwMDAwMDAwLCJ1cGRhdGUiOjM2MDAwMDAwMDAwMDB9LCJzY2hlbWFfdmVyc2lvbiI6IjEifQ==",
          "dependencies": [
            "data.digitalocean_ssh_key.deploy_key",
            "digitalocean_tag.tag_kalshi_bot",
            "digitalocean_tag.tag_production",
            "digitalocean_vpc.bot_vpc"
          ]
        }
      ]
    },
    {
      "mode": "managed",
      "type": "digitalocean_firewall",
      "name": "bot_firewall",
      "provider": "provider[\"registry.terraform.io/digitalocean/digitalocean\"]",
      "instances": [
        {
          "schema_version": 0,
          "attributes": {
            "created_at": "2026-08-08T15:35:33Z",
            "droplet_ids": [],
            "id": "60d56d9b-3910-4512-a56f-c06051c03e94",
            "inbound_rule": [
              {
                "port_range": "22",
                "protocol": "tcp",
                "source_addresses": [
                  "0.0.0.0/0",
                  "::/0"
                ],
                "source_droplet_ids": [],
                "source_kubernetes_ids": [],
                "source_load_balancer_uids": [],
                "source_tags": []
              }
            ],
            "name": "kalshi-bot-firewall",
            "outbound_rule": [
              {
                "destination_addresses": [
                  "0.0.0.0/0",
                  "::/0"
                ],
                "destination_droplet_ids": [],
                "destination_kubernetes_ids": [],
                "destination_load_balancer_uids": [],
                "destination_tags": [],
                "port_range": "123",
                "protocol": "udp"
              },
              {
                "destination_addresses": [
                  "0.0.0.0/0",
                  "::/0"
                ],
                "destination_droplet_ids": [],
                "destination_kubernetes_ids": [],
                "destination_load_balancer_uids": [],
                "destination_tags": [],
                "port_range": "443",
                "protocol": "tcp"
              },
              {
                "destination_addresses": [
                  "0.0.0.0/0",
                  "::/0"
                ],
                "destination_droplet_ids": [],
                "destination_kubernetes_ids": [],
                "destination_load_balancer_uids": [],
                "destination_tags": [],
                "port_range": "53",
                "protocol": "tcp"
              },
              {
                "destination_addresses": [
                  "0.0.0.0/0",
                  "::/0"
                ],
                "destination_droplet_ids": [],
                "destination_kubernetes_ids": [],
                "destination_load_balancer_uids": [],
                "destination_tags": [],
                "port_range": "53",
                "protocol": "udp"
              }
            ],
            "pending_changes": [],
            "status": "succeeded",
            "tags": [
              "kalshi-bot",
              "production"
            ]
          },
          "sensitive_attributes": [],
          "identity_schema_version": 0,
          "private": "bnVsbA==",
          "dependencies": [
            "digitalocean_tag.tag_kalshi_bot",
            "digitalocean_tag.tag_production"
          ]
        }
      ]
    },
    {
      "mode": "managed",
      "type": "digitalocean_tag",
      "name": "tag_kalshi_bot",
      "provider": "provider[\"registry.terraform.io/digitalocean/digitalocean\"]",
      "instances": [
        {
          "schema_version": 0,
          "attributes": {
            "databases_count": 0,
            "droplets_count": 0,
            "id": "kalshi-bot",
            "images_count": 0,
            "name": "kalshi-bot",
            "total_resource_count": 0,
            "volume_snapshots_count": 0,
            "volumes_count": 0
          },
          "sensitive_attributes": [],
          "identity_schema_version": 0,
          "private": "bnVsbA=="
        }
      ]
    },
    {
      "mode": "managed",
      "type": "digitalocean_tag",
      "name": "tag_production",
      "provider": "provider[\"registry.terraform.io/digitalocean/digitalocean\"]",
      "instances": [
        {
          "schema_version": 0,
          "attributes": {
            "databases_count": 0,
            "droplets_count": 0,
            "id": "production",
            "images_count": 0,
            "name": "production",
            "total_resource_count": 0,
            "volume_snapshots_count": 0,
            "volumes_count": 0
          },
          "sensitive_attributes": [],
          "identity_schema_version": 0,
          "private": "bnVsbA=="
        }
      ]
    },
    {
      "mode": "managed",
      "type": "digitalocean_vpc",
      "name": "bot_vpc",
      "provider": "provider[\"registry.terraform.io/digitalocean/digitalocean\"]",
      "instances": [
        {
          "schema_version": 0,
          "attributes": {
            "created_at": "2026-08-08 15:36:22 +0000 UTC",
            "default": false,
            "description": "",
            "id": "342ccc17-15b8-450c-8536-5560c5377535",
            "ip_range": "10.120.0.0/16",
            "name": "kalshi-bot-vpc",
            "region": "nyc1",
            "timeouts": null,
            "urn": "do:vpc:342ccc17-15b8-450c-8536-5560c5377535"
          },
          "sensitive_attributes": [],
          "identity_schema_version": 0,
          "private": "eyJlMmJmYjczMC1lY2FhLTExZTYtOGY4OC0zNDM2M2JjN2M0YzAiOnsiZGVsZXRlIjoxMjAwMDAwMDAwMDB9fQ=="
        }
      ]
    }
  ],
  "check_results": [
    {
      "object_kind": "var",
      "config_addr": "var.ssh_key_name",
      "status": "pass",
      "objects": [
        {
          "object_addr": "var.ssh_key_name",
          "status": "pass"
        }
      ]
    }
  ]
}
